{
    "_readme": [
        "This file locks the dependencies of your project to a known state",
        "Read more about it at https://getcomposer.org/doc/01-basic-usage.md#composer-lock-the-lock-file",
        "This file is @generated automatically"
    ],
    "hash": "593a64ed560ae5d5babd3b3f9917cb04",
    "packages": [
        {
            "name": "punbb/db-mysqli-innodb",
            "version": "dev-master",
            "source": {
                "type": "git",
                "url": "https://github.com/rivetweb/punbb-db-mysqli-innodb.git",
                "reference": "bd8d90111e3b70cb279c1c3cb8ebc36362ad6695"
            },
            "dist": {
                "type": "zip",
                "url": "https://api.github.com/repos/rivetweb/punbb-db-mysqli-innodb/zipball/bd8d90111e3b70cb279c1c3cb8ebc36362ad6695",
                "reference": "bd8d90111e3b70cb279c1c3cb8ebc36362ad6695",
                "shasum": ""
            },
            "type": "library",
            "autoload": {
                "classmap": [
                    "./"
                ],
                "files": [
                    "init.php"
                ]
            },
            "authors": [
                {
                    "name": "Your Name",
                    "email": "your@name.com"
                }
            ],
            "description": "PUNBB Default db layer",
            "support": {
                "source": "https://github.com/rivetweb/punbb-db-mysqli-innodb/tree/master"
            },
            "time": "2015-05-06 08:48:58"
        },
        {
            "name": "punbb/lang-English",
            "version": "dev-master",
            "source": {
                "type": "git",
                "url": "https://github.com/rivetweb/punbb-lang-English.git",
                "reference": "b687cff4abe3eff765d00263a014adca92faba80"
            },
            "dist": {
                "type": "zip",
                "url": "https://api.github.com/repos/rivetweb/punbb-lang-English/zipball/b687cff4abe3eff765d00263a014adca92faba80",
                "reference": "b687cff4abe3eff765d00263a014adca92faba80",
                "shasum": ""
            },
            "type": "library",
            "autoload": {
                "files": [
                    "init.php"
                ]
            },
            "authors": [
                {
                    "name": "Your Name",
                    "email": "your@name.com"
                }
            ],
            "description": "PUNBB English language definitions",
            "support": {
                "source": "https://github.com/rivetweb/punbb-lang-English/tree/master",
                "issues": "https://github.com/rivetweb/punbb-lang-English/issues"
            },
            "time": "2015-05-06 08:49:28"
        },
        {
            "name": "punbb/lang-Russian",
            "version": "dev-master",
            "source": {
                "type": "git",
                "url": "https://github.com/rivetweb/punbb-lang-Russian.git",
                "reference": "4dcbf09b77a3dcfc204694b5236411e8f9262059"
            },
            "dist": {
                "type": "zip",
                "url": "https://api.github.com/repos/rivetweb/punbb-lang-Russian/zipball/4dcbf09b77a3dcfc204694b5236411e8f9262059",
                "reference": "4dcbf09b77a3dcfc204694b5236411e8f9262059",
                "shasum": ""
            },
            "type": "library",
            "autoload": {
                "files": [
                    "init.php"
                ]
            },
            "authors": [
                {
                    "name": "Your Name",
                    "email": "your@name.com"
                }
            ],
            "description": "PUNBB Russian language definitions",
            "support": {
                "source": "https://github.com/rivetweb/punbb-lang-Russian/tree/master",
                "issues": "https://github.com/rivetweb/punbb-lang-Russian/issues"
            },
            "time": "2015-05-06 08:49:47"
        },
        {
            "name": "punbb/style-Oxygen",
            "version": "dev-master",
            "source": {
                "type": "git",
                "url": "https://github.com/rivetweb/punbb-style-Oxygen.git",
                "reference": "11a221fe227d7f24906d95793f3a738345ac72bf"
            },
            "dist": {
                "type": "zip",
                "url": "https://api.github.com/repos/rivetweb/punbb-style-Oxygen/zipball/11a221fe227d7f24906d95793f3a738345ac72bf",
                "reference": "11a221fe227d7f24906d95793f3a738345ac72bf",
                "shasum": ""
            },
            "type": "library",
            "autoload": {
                "files": [
                    "init.php"
                ]
            },
            "authors": [
                {
                    "name": "Your Name",
                    "email": "your@name.com"
                }
            ],
            "description": "PUNBB Oxygen theme",
            "support": {
                "source": "https://github.com/rivetweb/punbb-style-Oxygen/tree/master"
            },
            "time": "2015-05-06 08:50:40"
        },
        {
            "name": "punbb/template-Default",
            "version": "dev-master",
            "source": {
                "type": "git",
                "url": "https://github.com/rivetweb/punbb-template-Default.git",
                "reference": "bed6f98d7789ac4cd8c63585369c4792900a5857"
            },
            "dist": {
                "type": "zip",
                "url": "https://api.github.com/repos/rivetweb/punbb-template-Default/zipball/bed6f98d7789ac4cd8c63585369c4792900a5857",
                "reference": "bed6f98d7789ac4cd8c63585369c4792900a5857",
                "shasum": ""
            },
            "type": "library",
            "autoload": {
                "classmap": [
                    "./"
                ],
                "files": [
                    "init.php"
                ]
            },
            "authors": [
                {
                    "name": "Your Name",
                    "email": "your@name.com"
                }
            ],
            "description": "PUNBB Default template engine",
            "support": {
                "source": "https://github.com/rivetweb/punbb-template-Default/tree/master"
            },
            "time": "2015-05-06 08:50:59"
        },
        {
            "name": "punbb/urls-Default",
            "version": "dev-master",
            "source": {
                "type": "git",
                "url": "https://github.com/rivetweb/punbb-urls-Default.git",
                "reference": "02b6de6d2f1f90dfb81b4d4511eb1af1824b17cc"
            },
            "dist": {
                "type": "zip",
                "url": "https://api.github.com/repos/rivetweb/punbb-urls-Default/zipball/02b6de6d2f1f90dfb81b4d4511eb1af1824b17cc",
                "reference": "02b6de6d2f1f90dfb81b4d4511eb1af1824b17cc",
                "shasum": ""
            },
            "type": "library",
            "autoload": {
                "files": [
                    "init.php"
                ]
            },
            "authors": [
                {
                    "name": "Your Name",
                    "email": "your@name.com"
                }
            ],
            "description": "PUNBB Default url rewrites",
            "support": {
                "source": "https://github.com/rivetweb/punbb-urls-Default/tree/master"
            },
            "time": "2015-05-06 08:51:40"
        }
    ],
    "packages-dev": [],
    "aliases": [],
    "minimum-stability": "stable",
    "stability-flags": {
        "punbb/db-mysqli-innodb": 20,
        "punbb/lang-english": 20,
        "punbb/lang-russian": 20,
        "punbb/style-oxygen": 20,
        "punbb/urls-default": 20,
        "punbb/template-default": 20
    },
    "prefer-stable": false,
    "prefer-lowest": false,
    "platform": [],
    "platform-dev": []
}
