{
    "_readme": [
        "This file locks the dependencies of your project to a known state",
        "Read more about it at http://getcomposer.org/doc/01-basic-usage.md#composer-lock-the-lock-file",
        "This file is @generated automatically"
    ],
    "hash": "77d1d73417df8eb404da1eb8beacea0f",
    "packages": [
        {
            "name": "punbb/lang-English",
            "version": "dev-master",
            "source": {
                "type": "git",
                "url": "https://github.com/rivetweb/punbb-lang-English.git",
                "reference": "a92a622dc58ac768f7fd291e328a27c612bad839"
            },
            "dist": {
                "type": "zip",
                "url": "https://api.github.com/repos/rivetweb/punbb-lang-English/zipball/a92a622dc58ac768f7fd291e328a27c612bad839",
                "reference": "a92a622dc58ac768f7fd291e328a27c612bad839",
                "shasum": ""
            },
            "type": "library",
            "autoload": {
                "files": [
                    "init.php"
                ]
            },
            "authors": [
                {
                    "name": "Your Name",
                    "email": "your@name.com"
                }
            ],
            "description": "PUNBB English language definitions",
            "support": {
                "source": "https://github.com/rivetweb/punbb-lang-English/tree/master",
                "issues": "https://github.com/rivetweb/punbb-lang-English/issues"
            },
            "time": "2015-04-18 11:08:46"
        },
        {
            "name": "punbb/lang-Russian",
            "version": "dev-master",
            "source": {
                "type": "git",
                "url": "https://github.com/rivetweb/punbb-lang-Russian.git",
                "reference": "401b486b721beda63cac23447248fd4a3e872e5a"
            },
            "dist": {
                "type": "zip",
                "url": "https://api.github.com/repos/rivetweb/punbb-lang-Russian/zipball/401b486b721beda63cac23447248fd4a3e872e5a",
                "reference": "401b486b721beda63cac23447248fd4a3e872e5a",
                "shasum": ""
            },
            "type": "library",
            "autoload": {
                "files": [
                    "init.php"
                ]
            },
            "authors": [
                {
                    "name": "Your Name",
                    "email": "your@name.com"
                }
            ],
            "description": "PUNBB Russian language definitions",
            "support": {
                "source": "https://github.com/rivetweb/punbb-lang-Russian/tree/master",
                "issues": "https://github.com/rivetweb/punbb-lang-Russian/issues"
            },
            "time": "2015-04-18 11:09:06"
        },
        {
            "name": "punbb/style-Oxygen",
            "version": "dev-master",
            "source": {
                "type": "git",
                "url": "https://github.com/rivetweb/punbb-style-Oxygen.git",
                "reference": "421e0bb277ddb26a5ce3b75beb5dd20d49e3388c"
            },
            "dist": {
                "type": "zip",
                "url": "https://api.github.com/repos/rivetweb/punbb-style-Oxygen/zipball/421e0bb277ddb26a5ce3b75beb5dd20d49e3388c",
                "reference": "421e0bb277ddb26a5ce3b75beb5dd20d49e3388c",
                "shasum": ""
            },
            "type": "library",
            "autoload": {
                "files": [
                    "init.php"
                ]
            },
            "authors": [
                {
                    "name": "Your Name",
                    "email": "your@name.com"
                }
            ],
            "description": "PUNBB Oxygen theme",
            "support": {
                "source": "https://github.com/rivetweb/punbb-style-Oxygen/tree/master"
            },
            "time": "2015-04-18 14:37:20"
        }
    ],
    "packages-dev": [],
    "aliases": [],
    "minimum-stability": "stable",
    "stability-flags": {
        "punbb/lang-english": 20,
        "punbb/lang-russian": 20,
        "punbb/style-oxygen": 20
    },
    "prefer-stable": false,
    "prefer-lowest": false,
    "platform": [],
    "platform-dev": []
}
