{
    "_readme": [
        "This file locks the dependencies of your project to a known state",
        "Read more about it at http://getcomposer.org/doc/01-basic-usage.md#composer-lock-the-lock-file",
        "This file is @generated automatically"
    ],
    "hash": "700ed530ff30de125df62551c7c831ee",
    "packages": [
        {
            "name": "punbb/lang-English",
            "version": "dev-master",
            "source": {
                "type": "git",
                "url": "https://github.com/rivetweb/punbb-lang-English.git",
                "reference": "ad8499f992bafab7262ed62be04964b23efe74af"
            },
            "dist": {
                "type": "zip",
                "url": "https://api.github.com/repos/rivetweb/punbb-lang-English/zipball/ad8499f992bafab7262ed62be04964b23efe74af",
                "reference": "ad8499f992bafab7262ed62be04964b23efe74af",
                "shasum": ""
            },
            "type": "library",
            "autoload": {
                "files": [
                    "init.php"
                ]
            },
            "authors": [
                {
                    "name": "Your Name",
                    "email": "your@name.com"
                }
            ],
            "description": "PUNBB English language definitions",
            "support": {
                "source": "https://github.com/rivetweb/punbb-lang-English/tree/master",
                "issues": "https://github.com/rivetweb/punbb-lang-English/issues"
            },
            "time": "2015-04-18 10:09:59"
        },
        {
            "name": "punbb/lang-Russian",
            "version": "dev-master",
            "source": {
                "type": "git",
                "url": "https://github.com/rivetweb/punbb-lang-Russian.git",
                "reference": "874d56a58e2f357e1725a9de8d3b8c47af7d8f1d"
            },
            "dist": {
                "type": "zip",
                "url": "https://api.github.com/repos/rivetweb/punbb-lang-Russian/zipball/874d56a58e2f357e1725a9de8d3b8c47af7d8f1d",
                "reference": "874d56a58e2f357e1725a9de8d3b8c47af7d8f1d",
                "shasum": ""
            },
            "type": "library",
            "autoload": {
                "files": [
                    "init.php"
                ]
            },
            "authors": [
                {
                    "name": "Your Name",
                    "email": "your@name.com"
                }
            ],
            "description": "PUNBB Russian language definitions",
            "support": {
                "source": "https://github.com/rivetweb/punbb-lang-Russian/tree/master",
                "issues": "https://github.com/rivetweb/punbb-lang-Russian/issues"
            },
            "time": "2015-04-18 10:10:24"
        }
    ],
    "packages-dev": [],
    "aliases": [],
    "minimum-stability": "stable",
    "stability-flags": {
        "punbb/lang-english": 20,
        "punbb/lang-russian": 20
    },
    "prefer-stable": false,
    "prefer-lowest": false,
    "platform": [],
    "platform-dev": []
}
